// !$*UTF8*$!
{
	archiveVersion = 1;
	classes = {
	};
	objectVersion = 50;
	objects = {

/* Begin PBXBuildFile section */
		F886E1FB21D3B94200C61E39 /* HomeworldVC.swift in Sources */ = {isa = PBXBuildFile; fileRef = F886E1FA21D3B94200C61E39 /* HomeworldVC.swift */; };
		F886E1FD21D3B95600C61E39 /* StarshipsVC.swift in Sources */ = {isa = PBXBuildFile; fileRef = F886E1FC21D3B95600C61E39 /* StarshipsVC.swift */; };
		F886E1FF21D3B96200C61E39 /* FilmsVC.swift in Sources */ = {isa = PBXBuildFile; fileRef = F886E1FE21D3B96200C61E39 /* FilmsVC.swift */; };
		F886E20121D3B98B00C61E39 /* VehiclesVC.swift in Sources */ = {isa = PBXBuildFile; fileRef = F886E20021D3B98B00C61E39 /* VehiclesVC.swift */; };
		F886E20321D50CC700C61E39 /* PersonProtocol.swift in Sources */ = {isa = PBXBuildFile; fileRef = F886E20221D50CC700C61E39 /* PersonProtocol.swift */; };
		F886E20521D51A4400C61E39 /* Homeworld.swift in Sources */ = {isa = PBXBuildFile; fileRef = F886E20421D51A4400C61E39 /* Homeworld.swift */; };
		F886E20721DBA37200C61E39 /* HomeworldApi.swift in Sources */ = {isa = PBXBuildFile; fileRef = F886E20621DBA37200C61E39 /* HomeworldApi.swift */; };
		F8FDCD6521BFAF0000B1171F /* AppDelegate.swift in Sources */ = {isa = PBXBuildFile; fileRef = F8FDCD6421BFAF0000B1171F /* AppDelegate.swift */; };
		F8FDCD6721BFAF0000B1171F /* SelectPersonVC.swift in Sources */ = {isa = PBXBuildFile; fileRef = F8FDCD6621BFAF0000B1171F /* SelectPersonVC.swift */; };
		F8FDCD6A21BFAF0000B1171F /* Main.storyboard in Resources */ = {isa = PBXBuildFile; fileRef = F8FDCD6821BFAF0000B1171F /* Main.storyboard */; };
		F8FDCD6C21BFAF0200B1171F /* Assets.xcassets in Resources */ = {isa = PBXBuildFile; fileRef = F8FDCD6B21BFAF0200B1171F /* Assets.xcassets */; };
		F8FDCD6F21BFAF0200B1171F /* LaunchScreen.storyboard in Resources */ = {isa = PBXBuildFile; fileRef = F8FDCD6D21BFAF0200B1171F /* LaunchScreen.storyboard */; };
		F8FDCD7F21BFB1F300B1171F /* Starjedi.ttf in Resources */ = {isa = PBXBuildFile; fileRef = F8FDCD7C21BFB1F200B1171F /* Starjedi.ttf */; };
		F8FDCD8021BFB1F300B1171F /* Starjout.ttf in Resources */ = {isa = PBXBuildFile; fileRef = F8FDCD7D21BFB1F200B1171F /* Starjout.ttf */; };
		F8FDCD8121BFB1F300B1171F /* Starjhol.ttf in Resources */ = {isa = PBXBuildFile; fileRef = F8FDCD7E21BFB1F300B1171F /* Starjhol.ttf */; };
		F8FDCD8821C0022C00B1171F /* BlackBGview.swift in Sources */ = {isa = PBXBuildFile; fileRef = F8FDCD8721C0022C00B1171F /* BlackBGview.swift */; };
		F8FDCD8B21C0036A00B1171F /* Constants.swift in Sources */ = {isa = PBXBuildFile; fileRef = F8FDCD8A21C0036A00B1171F /* Constants.swift */; };
		F8FDCD8E21C24B2A00B1171F /* PersonApi.swift in Sources */ = {isa = PBXBuildFile; fileRef = F8FDCD8D21C24B2A00B1171F /* PersonApi.swift */; };
		F8FDCD9021C25A2800B1171F /* Person.swift in Sources */ = {isa = PBXBuildFile; fileRef = F8FDCD8F21C25A2800B1171F /* Person.swift */; };
		F8FDCDBC21D2790C00B1171F /* ButtonAnimation.swift in Sources */ = {isa = PBXBuildFile; fileRef = F8FDCDBB21D2790B00B1171F /* ButtonAnimation.swift */; };
/* End PBXBuildFile section */

/* Begin PBXFileReference section */
		F886E1FA21D3B94200C61E39 /* HomeworldVC.swift */ = {isa = PBXFileReference; lastKnownFileType = sourcecode.swift; path = HomeworldVC.swift; sourceTree = "<group>"; };
		F886E1FC21D3B95600C61E39 /* StarshipsVC.swift */ = {isa = PBXFileReference; lastKnownFileType = sourcecode.swift; path = StarshipsVC.swift; sourceTree = "<group>"; };
		F886E1FE21D3B96200C61E39 /* FilmsVC.swift */ = {isa = PBXFileReference; lastKnownFileType = sourcecode.swift; path = FilmsVC.swift; sourceTree = "<group>"; };
		F886E20021D3B98B00C61E39 /* VehiclesVC.swift */ = {isa = PBXFileReference; lastKnownFileType = sourcecode.swift; path = VehiclesVC.swift; sourceTree = "<group>"; };
		F886E20221D50CC700C61E39 /* PersonProtocol.swift */ = {isa = PBXFileReference; lastKnownFileType = sourcecode.swift; path = PersonProtocol.swift; sourceTree = "<group>"; };
		F886E20421D51A4400C61E39 /* Homeworld.swift */ = {isa = PBXFileReference; lastKnownFileType = sourcecode.swift; path = Homeworld.swift; sourceTree = "<group>"; };
		F886E20621DBA37200C61E39 /* HomeworldApi.swift */ = {isa = PBXFileReference; lastKnownFileType = sourcecode.swift; path = HomeworldApi.swift; sourceTree = "<group>"; };
		F8FDCD6121BFAF0000B1171F /* HaroldKnowsStarWars.app */ = {isa = PBXFileReference; explicitFileType = wrapper.application; includeInIndex = 0; path = HaroldKnowsStarWars.app; sourceTree = BUILT_PRODUCTS_DIR; };
		F8FDCD6421BFAF0000B1171F /* AppDelegate.swift */ = {isa = PBXFileReference; lastKnownFileType = sourcecode.swift; path = AppDelegate.swift; sourceTree = "<group>"; };
		F8FDCD6621BFAF0000B1171F /* SelectPersonVC.swift */ = {isa = PBXFileReference; lastKnownFileType = sourcecode.swift; path = SelectPersonVC.swift; sourceTree = "<group>"; };
		F8FDCD6921BFAF0000B1171F /* Base */ = {isa = PBXFileReference; lastKnownFileType = file.storyboard; name = Base; path = Base.lproj/Main.storyboard; sourceTree = "<group>"; };
		F8FDCD6B21BFAF0200B1171F /* Assets.xcassets */ = {isa = PBXFileReference; lastKnownFileType = folder.assetcatalog; path = Assets.xcassets; sourceTree = "<group>"; };
		F8FDCD6E21BFAF0200B1171F /* Base */ = {isa = PBXFileReference; lastKnownFileType = file.storyboard; name = Base; path = Base.lproj/LaunchScreen.storyboard; sourceTree = "<group>"; };
		F8FDCD7021BFAF0200B1171F /* Info.plist */ = {isa = PBXFileReference; lastKnownFileType = text.plist.xml; path = Info.plist; sourceTree = "<group>"; };
		F8FDCD7C21BFB1F200B1171F /* Starjedi.ttf */ = {isa = PBXFileReference; lastKnownFileType = file; path = Starjedi.ttf; sourceTree = "<group>"; };
		F8FDCD7D21BFB1F200B1171F /* Starjout.ttf */ = {isa = PBXFileReference; lastKnownFileType = file; path = Starjout.ttf; sourceTree = "<group>"; };
		F8FDCD7E21BFB1F300B1171F /* Starjhol.ttf */ = {isa = PBXFileReference; lastKnownFileType = file; path = Starjhol.ttf; sourceTree = "<group>"; };
		F8FDCD8721C0022C00B1171F /* BlackBGview.swift */ = {isa = PBXFileReference; lastKnownFileType = sourcecode.swift; path = BlackBGview.swift; sourceTree = "<group>"; };
		F8FDCD8A21C0036A00B1171F /* Constants.swift */ = {isa = PBXFileReference; lastKnownFileType = sourcecode.swift; path = Constants.swift; sourceTree = "<group>"; };
		F8FDCD8D21C24B2A00B1171F /* PersonApi.swift */ = {isa = PBXFileReference; lastKnownFileType = sourcecode.swift; path = PersonApi.swift; sourceTree = "<group>"; };
		F8FDCD8F21C25A2800B1171F /* Person.swift */ = {isa = PBXFileReference; lastKnownFileType = sourcecode.swift; path = Person.swift; sourceTree = "<group>"; };
		F8FDCDBB21D2790B00B1171F /* ButtonAnimation.swift */ = {isa = PBXFileReference; lastKnownFileType = sourcecode.swift; path = ButtonAnimation.swift; sourceTree = "<group>"; };
/* End PBXFileReference section */

/* Begin PBXFrameworksBuildPhase section */
		F8FDCD5E21BFAF0000B1171F /* Frameworks */ = {
			isa = PBXFrameworksBuildPhase;
			buildActionMask = 2147483647;
			files = (
			);
			runOnlyForDeploymentPostprocessing = 0;
		};
/* End PBXFrameworksBuildPhase section */

/* Begin PBXGroup section */
		F8FDCD5821BFAF0000B1171F = {
			isa = PBXGroup;
			children = (
				F8FDCD6321BFAF0000B1171F /* HaroldKnowsStarWars */,
				F8FDCD6221BFAF0000B1171F /* Products */,
			);
			sourceTree = "<group>";
		};
		F8FDCD6221BFAF0000B1171F /* Products */ = {
			isa = PBXGroup;
			children = (
				F8FDCD6121BFAF0000B1171F /* HaroldKnowsStarWars.app */,
			);
			name = Products;
			sourceTree = "<group>";
		};
		F8FDCD6321BFAF0000B1171F /* HaroldKnowsStarWars */ = {
			isa = PBXGroup;
			children = (
				F8FDCD8521BFB25300B1171F /* Model */,
				F8FDCD8621BFB25A00B1171F /* View */,
				F8FDCD8421BFB24600B1171F /* Controller */,
				F8FDCD8C21C24B0200B1171F /* Services */,
				F8FDCD8321BFB23B00B1171F /* Resources */,
				F8FDCD8921C0035800B1171F /* Utils */,
				F8FDCD6421BFAF0000B1171F /* AppDelegate.swift */,
				F8FDCD6821BFAF0000B1171F /* Main.storyboard */,
				F8FDCD6B21BFAF0200B1171F /* Assets.xcassets */,
				F8FDCD6D21BFAF0200B1171F /* LaunchScreen.storyboard */,
				F8FDCD7021BFAF0200B1171F /* Info.plist */,
			);
			path = HaroldKnowsStarWars;
			sourceTree = "<group>";
		};
		F8FDCD8221BFB21E00B1171F /* Fonts */ = {
			isa = PBXGroup;
			children = (
				F8FDCD7C21BFB1F200B1171F /* Starjedi.ttf */,
				F8FDCD7E21BFB1F300B1171F /* Starjhol.ttf */,
				F8FDCD7D21BFB1F200B1171F /* Starjout.ttf */,
			);
			path = Fonts;
			sourceTree = "<group>";
		};
		F8FDCD8321BFB23B00B1171F /* Resources */ = {
			isa = PBXGroup;
			children = (
				F8FDCD8221BFB21E00B1171F /* Fonts */,
			);
			path = Resources;
			sourceTree = "<group>";
		};
		F8FDCD8421BFB24600B1171F /* Controller */ = {
			isa = PBXGroup;
			children = (
				F8FDCD6621BFAF0000B1171F /* SelectPersonVC.swift */,
				F886E1FA21D3B94200C61E39 /* HomeworldVC.swift */,
				F886E20021D3B98B00C61E39 /* VehiclesVC.swift */,
				F886E1FC21D3B95600C61E39 /* StarshipsVC.swift */,
				F886E1FE21D3B96200C61E39 /* FilmsVC.swift */,
			);
			path = Controller;
			sourceTree = "<group>";
		};
		F8FDCD8521BFB25300B1171F /* Model */ = {
			isa = PBXGroup;
			children = (
				F8FDCD8F21C25A2800B1171F /* Person.swift */,
				F886E20221D50CC700C61E39 /* PersonProtocol.swift */,
				F886E20421D51A4400C61E39 /* Homeworld.swift */,
			);
			path = Model;
			sourceTree = "<group>";
		};
		F8FDCD8621BFB25A00B1171F /* View */ = {
			isa = PBXGroup;
			children = (
				F8FDCD8721C0022C00B1171F /* BlackBGview.swift */,
				F8FDCDBB21D2790B00B1171F /* ButtonAnimation.swift */,
			);
			path = View;
			sourceTree = "<group>";
		};
		F8FDCD8921C0035800B1171F /* Utils */ = {
			isa = PBXGroup;
			children = (
				F8FDCD8A21C0036A00B1171F /* Constants.swift */,
			);
			path = Utils;
			sourceTree = "<group>";
		};
		F8FDCD8C21C24B0200B1171F /* Services */ = {
			isa = PBXGroup;
			children = (
				F8FDCD8D21C24B2A00B1171F /* PersonApi.swift */,
				F886E20621DBA37200C61E39 /* HomeworldApi.swift */,
			);
			path = Services;
			sourceTree = "<group>";
		};
/* End PBXGroup section */

/* Begin PBXNativeTarget section */
		F8FDCD6021BFAF0000B1171F /* HaroldKnowsStarWars */ = {
			isa = PBXNativeTarget;
			buildConfigurationList = F8FDCD7321BFAF0200B1171F /* Build configuration list for PBXNativeTarget "HaroldKnowsStarWars" */;
			buildPhases = (
				F8FDCD5D21BFAF0000B1171F /* Sources */,
				F8FDCD5E21BFAF0000B1171F /* Frameworks */,
				F8FDCD5F21BFAF0000B1171F /* Resources */,
			);
			buildRules = (
			);
			dependencies = (
			);
			name = HaroldKnowsStarWars;
			productName = HaroldKnowsStarWars;
			productReference = F8FDCD6121BFAF0000B1171F /* HaroldKnowsStarWars.app */;
			productType = "com.apple.product-type.application";
		};
/* End PBXNativeTarget section */

/* Begin PBXProject section */
		F8FDCD5921BFAF0000B1171F /* Project object */ = {
			isa = PBXProject;
			attributes = {
				LastSwiftUpdateCheck = 1010;
				LastUpgradeCheck = 1010;
				ORGANIZATIONNAME = "Jakub Perich";
				TargetAttributes = {
					F8FDCD6021BFAF0000B1171F = {
						CreatedOnToolsVersion = 10.1;
					};
				};
			};
			buildConfigurationList = F8FDCD5C21BFAF0000B1171F /* Build configuration list for PBXProject "HaroldKnowsStarWars" */;
			compatibilityVersion = "Xcode 9.3";
			developmentRegion = en;
			hasScannedForEncodings = 0;
			knownRegions = (
				en,
				Base,
			);
			mainGroup = F8FDCD5821BFAF0000B1171F;
			productRefGroup = F8FDCD6221BFAF0000B1171F /* Products */;
			projectDirPath = "";
			projectRoot = "";
			targets = (
				F8FDCD6021BFAF0000B1171F /* HaroldKnowsStarWars */,
			);
		};
/* End PBXProject section */

/* Begin PBXResourcesBuildPhase section */
		F8FDCD5F21BFAF0000B1171F /* Resources */ = {
			isa = PBXResourcesBuildPhase;
			buildActionMask = 2147483647;
			files = (
				F8FDCD6F21BFAF0200B1171F /* LaunchScreen.storyboard in Resources */,
				F8FDCD8121BFB1F300B1171F /* Starjhol.ttf in Resources */,
				F8FDCD6C21BFAF0200B1171F /* Assets.xcassets in Resources */,
				F8FDCD7F21BFB1F300B1171F /* Starjedi.ttf in Resources */,
				F8FDCD8021BFB1F300B1171F /* Starjout.ttf in Resources */,
				F8FDCD6A21BFAF0000B1171F /* Main.storyboard in Resources */,
			);
			runOnlyForDeploymentPostprocessing = 0;
		};
/* End PBXResourcesBuildPhase section */

/* Begin PBXSourcesBuildPhase section */
		F8FDCD5D21BFAF0000B1171F /* Sources */ = {
			isa = PBXSourcesBuildPhase;
			buildActionMask = 2147483647;
			files = (
				F886E20321D50CC700C61E39 /* PersonProtocol.swift in Sources */,
				F886E1FF21D3B96200C61E39 /* FilmsVC.swift in Sources */,
				F886E20721DBA37200C61E39 /* HomeworldApi.swift in Sources */,
				F886E1FD21D3B95600C61E39 /* StarshipsVC.swift in Sources */,
				F8FDCDBC21D2790C00B1171F /* ButtonAnimation.swift in Sources */,
				F8FDCD9021C25A2800B1171F /* Person.swift in Sources */,
				F8FDCD6721BFAF0000B1171F /* SelectPersonVC.swift in Sources */,
				F8FDCD6521BFAF0000B1171F /* AppDelegate.swift in Sources */,
				F8FDCD8821C0022C00B1171F /* BlackBGview.swift in Sources */,
				F8FDCD8E21C24B2A00B1171F /* PersonApi.swift in Sources */,
				F886E1FB21D3B94200C61E39 /* HomeworldVC.swift in Sources */,
				F886E20521D51A4400C61E39 /* Homeworld.swift in Sources */,
				F8FDCD8B21C0036A00B1171F /* Constants.swift in Sources */,
				F886E20121D3B98B00C61E39 /* VehiclesVC.swift in Sources */,
			);
			runOnlyForDeploymentPostprocessing = 0;
		};
/* End PBXSourcesBuildPhase section */

/* Begin PBXVariantGroup section */
		F8FDCD6821BFAF0000B1171F /* Main.storyboard */ = {
			isa = PBXVariantGroup;
			children = (
				F8FDCD6921BFAF0000B1171F /* Base */,
			);
			name = Main.storyboard;
			sourceTree = "<group>";
		};
		F8FDCD6D21BFAF0200B1171F /* LaunchScreen.storyboard */ = {
			isa = PBXVariantGroup;
			children = (
				F8FDCD6E21BFAF0200B1171F /* Base */,
			);
			name = LaunchScreen.storyboard;
			sourceTree = "<group>";
		};
/* End PBXVariantGroup section */

/* Begin XCBuildConfiguration section */
		F8FDCD7121BFAF0200B1171F /* Debug */ = {
			isa = XCBuildConfiguration;
			buildSettings = {
				ALWAYS_SEARCH_USER_PATHS = NO;
				CLANG_ANALYZER_NONNULL = YES;
				CLANG_ANALYZER_NUMBER_OBJECT_CONVERSION = YES_AGGRESSIVE;
				CLANG_CXX_LANGUAGE_STANDARD = "gnu++14";
				CLANG_CXX_LIBRARY = "libc++";
				CLANG_ENABLE_MODULES = YES;
				CLANG_ENABLE_OBJC_ARC = YES;
				CLANG_ENABLE_OBJC_WEAK = YES;
				CLANG_WARN_BLOCK_CAPTURE_AUTORELEASING = YES;
				CLANG_WARN_BOOL_CONVERSION = YES;
				CLANG_WARN_COMMA = YES;
				CLANG_WARN_CONSTANT_CONVERSION = YES;
				CLANG_WARN_DEPRECATED_OBJC_IMPLEMENTATIONS = YES;
				CLANG_WARN_DIRECT_OBJC_ISA_USAGE = YES_ERROR;
				CLANG_WARN_DOCUMENTATION_COMMENTS = YES;
				CLANG_WARN_EMPTY_BODY = YES;
				CLANG_WARN_ENUM_CONVERSION = YES;
				CLANG_WARN_INFINITE_RECURSION = YES;
				CLANG_WARN_INT_CONVERSION = YES;
				CLANG_WARN_NON_LITERAL_NULL_CONVERSION = YES;
				CLANG_WARN_OBJC_IMPLICIT_RETAIN_SELF = YES;
				CLANG_WARN_OBJC_LITERAL_CONVERSION = YES;
				CLANG_WARN_OBJC_ROOT_CLASS = YES_ERROR;
				CLANG_WARN_RANGE_LOOP_ANALYSIS = YES;
				CLANG_WARN_STRICT_PROTOTYPES = YES;
				CLANG_WARN_SUSPICIOUS_MOVE = YES;
				CLANG_WARN_UNGUARDED_AVAILABILITY = YES_AGGRESSIVE;
				CLANG_WARN_UNREACHABLE_CODE = YES;
				CLANG_WARN__DUPLICATE_METHOD_MATCH = YES;
				CODE_SIGN_IDENTITY = "iPhone Developer";
				COPY_PHASE_STRIP = NO;
				DEBUG_INFORMATION_FORMAT = dwarf;
				ENABLE_STRICT_OBJC_MSGSEND = YES;
				ENABLE_TESTABILITY = YES;
				GCC_C_LANGUAGE_STANDARD = gnu11;
				GCC_DYNAMIC_NO_PIC = NO;
				GCC_NO_COMMON_BLOCKS = YES;
				GCC_OPTIMIZATION_LEVEL = 0;
				GCC_PREPROCESSOR_DEFINITIONS = (
					"DEBUG=1",
					"$(inherited)",
				);
				GCC_WARN_64_TO_32_BIT_CONVERSION = YES;
				GCC_WARN_ABOUT_RETURN_TYPE = YES_ERROR;
				GCC_WARN_UNDECLARED_SELECTOR = YES;
				GCC_WARN_UNINITIALIZED_AUTOS = YES_AGGRESSIVE;
				GCC_WARN_UNUSED_FUNCTION = YES;
				GCC_WARN_UNUSED_VARIABLE = YES;
				IPHONEOS_DEPLOYMENT_TARGET = 12.1;
				MTL_ENABLE_DEBUG_INFO = INCLUDE_SOURCE;
				MTL_FAST_MATH = YES;
				ONLY_ACTIVE_ARCH = YES;
				SDKROOT = iphoneos;
				SWIFT_ACTIVE_COMPILATION_CONDITIONS = DEBUG;
				SWIFT_OPTIMIZATION_LEVEL = "-Onone";
			};
			name = Debug;
		};
		F8FDCD7221BFAF0200B1171F /* Release */ = {
			isa = XCBuildConfiguration;
			buildSettings = {
				ALWAYS_SEARCH_USER_PATHS = NO;
				CLANG_ANALYZER_NONNULL = YES;
				CLANG_ANALYZER_NUMBER_OBJECT_CONVERSION = YES_AGGRESSIVE;
				CLANG_CXX_LANGUAGE_STANDARD = "gnu++14";
				CLANG_CXX_LIBRARY = "libc++";
				CLANG_ENABLE_MODULES = YES;
				CLANG_ENABLE_OBJC_ARC = YES;
				CLANG_ENABLE_OBJC_WEAK = YES;
				CLANG_WARN_BLOCK_CAPTURE_AUTORELEASING = YES;
				CLANG_WARN_BOOL_CONVERSION = YES;
				CLANG_WARN_COMMA = YES;
				CLANG_WARN_CONSTANT_CONVERSION = YES;
				CLANG_WARN_DEPRECATED_OBJC_IMPLEMENTATIONS = YES;
				CLANG_WARN_DIRECT_OBJC_ISA_USAGE = YES_ERROR;
				CLANG_WARN_DOCUMENTATION_COMMENTS = YES;
				CLANG_WARN_EMPTY_BODY = YES;
				CLANG_WARN_ENUM_CONVERSION = YES;
				CLANG_WARN_INFINITE_RECURSION = YES;
				CLANG_WARN_INT_CONVERSION = YES;
				CLANG_WARN_NON_LITERAL_NULL_CONVERSION = YES;
				CLANG_WARN_OBJC_IMPLICIT_RETAIN_SELF = YES;
				CLANG_WARN_OBJC_LITERAL_CONVERSION = YES;
				CLANG_WARN_OBJC_ROOT_CLASS = YES_ERROR;
				CLANG_WARN_RANGE_LOOP_ANALYSIS = YES;
				CLANG_WARN_STRICT_PROTOTYPES = YES;
				CLANG_WARN_SUSPICIOUS_MOVE = YES;
				CLANG_WARN_UNGUARDED_AVAILABILITY = YES_AGGRESSIVE;
				CLANG_WARN_UNREACHABLE_CODE = YES;
				CLANG_WARN__DUPLICATE_METHOD_MATCH = YES;
				CODE_SIGN_IDENTITY = "iPhone Developer";
				COPY_PHASE_STRIP = NO;
				DEBUG_INFORMATION_FORMAT = "dwarf-with-dsym";
				ENABLE_NS_ASSERTIONS = NO;
				ENABLE_STRICT_OBJC_MSGSEND = YES;
				GCC_C_LANGUAGE_STANDARD = gnu11;
				GCC_NO_COMMON_BLOCKS = YES;
				GCC_WARN_64_TO_32_BIT_CONVERSION = YES;
				GCC_WARN_ABOUT_RETURN_TYPE = YES_ERROR;
				GCC_WARN_UNDECLARED_SELECTOR = YES;
				GCC_WARN_UNINITIALIZED_AUTOS = YES_AGGRESSIVE;
				GCC_WARN_UNUSED_FUNCTION = YES;
				GCC_WARN_UNUSED_VARIABLE = YES;
				IPHONEOS_DEPLOYMENT_TARGET = 12.1;
				MTL_ENABLE_DEBUG_INFO = NO;
				MTL_FAST_MATH = YES;
				SDKROOT = iphoneos;
				SWIFT_COMPILATION_MODE = wholemodule;
				SWIFT_OPTIMIZATION_LEVEL = "-O";
				VALIDATE_PRODUCT = YES;
			};
			name = Release;
		};
		F8FDCD7421BFAF0200B1171F /* Debug */ = {
			isa = XCBuildConfiguration;
			buildSettings = {
				ASSETCATALOG_COMPILER_APPICON_NAME = AppIcon;
				CODE_SIGN_STYLE = Automatic;
				DEVELOPMENT_TEAM = 4LZ4RWF527;
				INFOPLIST_FILE = HaroldKnowsStarWars/Info.plist;
				LD_RUNPATH_SEARCH_PATHS = (
					"$(inherited)",
					"@executable_path/Frameworks",
				);
				PRODUCT_BUNDLE_IDENTIFIER = harold.HaroldKnowsStarWars;
				PRODUCT_NAME = "$(TARGET_NAME)";
				SWIFT_VERSION = 4.2;
				TARGETED_DEVICE_FAMILY = "1,2";
			};
			name = Debug;
		};
		F8FDCD7521BFAF0200B1171F /* Release */ = {
			isa = XCBuildConfiguration;
			buildSettings = {
				ASSETCATALOG_COMPILER_APPICON_NAME = AppIcon;
				CODE_SIGN_STYLE = Automatic;
				DEVELOPMENT_TEAM = 4LZ4RWF527;
				INFOPLIST_FILE = HaroldKnowsStarWars/Info.plist;
				LD_RUNPATH_SEARCH_PATHS = (
					"$(inherited)",
					"@executable_path/Frameworks",
				);
				PRODUCT_BUNDLE_IDENTIFIER = harold.HaroldKnowsStarWars;
				PRODUCT_NAME = "$(TARGET_NAME)";
				SWIFT_VERSION = 4.2;
				TARGETED_DEVICE_FAMILY = "1,2";
			};
			name = Release;
		};
/* End XCBuildConfiguration section */

/* Begin XCConfigurationList section */
		F8FDCD5C21BFAF0000B1171F /* Build configuration list for PBXProject "HaroldKnowsStarWars" */ = {
			isa = XCConfigurationList;
			buildConfigurations = (
				F8FDCD7121BFAF0200B1171F /* Debug */,
				F8FDCD7221BFAF0200B1171F /* Release */,
			);
			defaultConfigurationIsVisible = 0;
			defaultConfigurationName = Release;
		};
		F8FDCD7321BFAF0200B1171F /* Build configuration list for PBXNativeTarget "HaroldKnowsStarWars" */ = {
			isa = XCConfigurationList;
			buildConfigurations = (
				F8FDCD7421BFAF0200B1171F /* Debug */,
				F8FDCD7521BFAF0200B1171F /* Release */,
			);
			defaultConfigurationIsVisible = 0;
			defaultConfigurationName = Release;
		};
/* End XCConfigurationList section */
	};
	rootObject = F8FDCD5921BFAF0000B1171F /* Project object */;
}
